
Microsoft Visual Studio Solution File, Format Version 12.00
# Visual Studio Version 16
VisualStudioVersion = 16.0.31112.23
MinimumVisualStudioVersion = 10.0.40219.1
Project("{2150E333-8FDC-42A3-9474-1A3956D46DE8}") = "Services", "Services", "{5DF58D83-D1D8-4E05-B2F9-34ABFEDC388A}"
EndProject
Project("{2150E333-8FDC-42A3-9474-1A3956D46DE8}") = "Catalog", "Catalog", "{2767EFEA-7239-4A43-8FCB-998C480E253B}"
EndProject
Project("{9A19103F-16F7-4668-BE54-9A1E7A4F7556}") = "CatalogApi", "Services\Catalog\CatalogApi\CatalogApi.csproj", "{54AFB0A7-6C24-46C8-AD02-5ACF2801144E}"
EndProject
Project("{E53339B2-1760-4266-BCC7-CA923CBCF16C}") = "docker-compose", "docker-compose.dcproj", "{ECB50830-868A-4DBE-8B73-3C2A8D833524}"
EndProject
Project("{2150E333-8FDC-42A3-9474-1A3956D46DE8}") = "Basket", "Basket", "{A19B28FD-D6EE-4844-8177-9B289562911E}"
EndProject
Project("{9A19103F-16F7-4668-BE54-9A1E7A4F7556}") = "BasketApi", "Services\Basket\BasketApi\BasketApi.csproj", "{48D07B96-96A8-4F7C-9187-9D377AE9142D}"
EndProject
Project("{2150E333-8FDC-42A3-9474-1A3956D46DE8}") = "Discount", "Discount", "{CD2CD4C1-437C-449F-80F1-90570904807D}"
EndProject
Project("{FAE04EC0-301F-11D3-BF4B-00C04F79EFBC}") = "DiscountApi", "Services\Discount\DiscountApi\DiscountApi.csproj", "{FB9AF2CA-E12C-4643-B1ED-CDAF8F8FF140}"
EndProject
Global
	GlobalSection(SolutionConfigurationPlatforms) = preSolution
		Debug|Any CPU = Debug|Any CPU
		Release|Any CPU = Release|Any CPU
	EndGlobalSection
	GlobalSection(ProjectConfigurationPlatforms) = postSolution
		{54AFB0A7-6C24-46C8-AD02-5ACF2801144E}.Debug|Any CPU.ActiveCfg = Debug|Any CPU
		{54AFB0A7-6C24-46C8-AD02-5ACF2801144E}.Debug|Any CPU.Build.0 = Debug|Any CPU
		{54AFB0A7-6C24-46C8-AD02-5ACF2801144E}.Release|Any CPU.ActiveCfg = Release|Any CPU
		{54AFB0A7-6C24-46C8-AD02-5ACF2801144E}.Release|Any CPU.Build.0 = Release|Any CPU
		{ECB50830-868A-4DBE-8B73-3C2A8D833524}.Debug|Any CPU.ActiveCfg = Debug|Any CPU
		{ECB50830-868A-4DBE-8B73-3C2A8D833524}.Debug|Any CPU.Build.0 = Debug|Any CPU
		{ECB50830-868A-4DBE-8B73-3C2A8D833524}.Release|Any CPU.ActiveCfg = Release|Any CPU
		{ECB50830-868A-4DBE-8B73-3C2A8D833524}.Release|Any CPU.Build.0 = Release|Any CPU
		{48D07B96-96A8-4F7C-9187-9D377AE9142D}.Debug|Any CPU.ActiveCfg = Debug|Any CPU
		{48D07B96-96A8-4F7C-9187-9D377AE9142D}.Debug|Any CPU.Build.0 = Debug|Any CPU
		{48D07B96-96A8-4F7C-9187-9D377AE9142D}.Release|Any CPU.ActiveCfg = Release|Any CPU
		{48D07B96-96A8-4F7C-9187-9D377AE9142D}.Release|Any CPU.Build.0 = Release|Any CPU
		{FB9AF2CA-E12C-4643-B1ED-CDAF8F8FF140}.Debug|Any CPU.ActiveCfg = Debug|Any CPU
		{FB9AF2CA-E12C-4643-B1ED-CDAF8F8FF140}.Debug|Any CPU.Build.0 = Debug|Any CPU
		{FB9AF2CA-E12C-4643-B1ED-CDAF8F8FF140}.Release|Any CPU.ActiveCfg = Release|Any CPU
		{FB9AF2CA-E12C-4643-B1ED-CDAF8F8FF140}.Release|Any CPU.Build.0 = Release|Any CPU
	EndGlobalSection
	GlobalSection(SolutionProperties) = preSolution
		HideSolutionNode = FALSE
	EndGlobalSection
	GlobalSection(NestedProjects) = preSolution
		{2767EFEA-7239-4A43-8FCB-998C480E253B} = {5DF58D83-D1D8-4E05-B2F9-34ABFEDC388A}
		{54AFB0A7-6C24-46C8-AD02-5ACF2801144E} = {2767EFEA-7239-4A43-8FCB-998C480E253B}
		{A19B28FD-D6EE-4844-8177-9B289562911E} = {5DF58D83-D1D8-4E05-B2F9-34ABFEDC388A}
		{48D07B96-96A8-4F7C-9187-9D377AE9142D} = {A19B28FD-D6EE-4844-8177-9B289562911E}
		{CD2CD4C1-437C-449F-80F1-90570904807D} = {5DF58D83-D1D8-4E05-B2F9-34ABFEDC388A}
		{FB9AF2CA-E12C-4643-B1ED-CDAF8F8FF140} = {CD2CD4C1-437C-449F-80F1-90570904807D}
	EndGlobalSection
	GlobalSection(ExtensibilityGlobals) = postSolution
		SolutionGuid = {719ACEA4-7050-4CCD-917E-C5B11438770A}
	EndGlobalSection
EndGlobal
